
Microsoft Visual Studio Solution File, Format Version 12.00
# Visual Studio Version 17
VisualStudioVersion = 17.2.32526.322
MinimumVisualStudioVersion = 10.0.40219.1
Project("{9A19103F-16F7-4668-BE54-9A1E7A4F7556}") = "TimetableDatabaseImplement", "TimetableDatabaseImplement\TimetableDatabaseImplement.csproj", "{71A07971-E287-450F-AC69-D36BFDE88693}"
EndProject
Project("{9A19103F-16F7-4668-BE54-9A1E7A4F7556}") = "TimetableBusinessLogic", "TimetableBusinessLogic\TimetableBusinessLogic.csproj", "{09569139-08EB-4A35-AB54-43567A10F172}"
EndProject
Project("{FAE04EC0-301F-11D3-BF4B-00C04F79EFBC}") = "TimetableView", "TimetableView\TimetableView.csproj", "{CF1A104D-CCFF-454C-A57C-6C336BFE831B}"
EndProject
Global
	GlobalSection(SolutionConfigurationPlatforms) = preSolution
		Debug|Any CPU = Debug|Any CPU
		Release|Any CPU = Release|Any CPU
	EndGlobalSection
	GlobalSection(ProjectConfigurationPlatforms) = postSolution
		{71A07971-E287-450F-AC69-D36BFDE88693}.Debug|Any CPU.ActiveCfg = Debug|Any CPU
		{71A07971-E287-450F-AC69-D36BFDE88693}.Debug|Any CPU.Build.0 = Debug|Any CPU
		{71A07971-E287-450F-AC69-D36BFDE88693}.Release|Any CPU.ActiveCfg = Release|Any CPU
		{71A07971-E287-450F-AC69-D36BFDE88693}.Release|Any CPU.Build.0 = Release|Any CPU
		{09569139-08EB-4A35-AB54-43567A10F172}.Debug|Any CPU.ActiveCfg = Debug|Any CPU
		{09569139-08EB-4A35-AB54-43567A10F172}.Debug|Any CPU.Build.0 = Debug|Any CPU
		{09569139-08EB-4A35-AB54-43567A10F172}.Release|Any CPU.ActiveCfg = Release|Any CPU
		{09569139-08EB-4A35-AB54-43567A10F172}.Release|Any CPU.Build.0 = Release|Any CPU
		{CF1A104D-CCFF-454C-A57C-6C336BFE831B}.Debug|Any CPU.ActiveCfg = Debug|Any CPU
		{CF1A104D-CCFF-454C-A57C-6C336BFE831B}.Debug|Any CPU.Build.0 = Debug|Any CPU
		{CF1A104D-CCFF-454C-A57C-6C336BFE831B}.Release|Any CPU.ActiveCfg = Release|Any CPU
		{CF1A104D-CCFF-454C-A57C-6C336BFE831B}.Release|Any CPU.Build.0 = Release|Any CPU
	EndGlobalSection
	GlobalSection(SolutionProperties) = preSolution
		HideSolutionNode = FALSE
	EndGlobalSection
	GlobalSection(ExtensibilityGlobals) = postSolution
		SolutionGuid = {A2F0A6F0-6B4C-4003-9A0D-881F9E2D62F5}
	EndGlobalSection
EndGlobal
