
Microsoft Visual Studio Solution File, Format Version 12.00
# Visual Studio Version 17
VisualStudioVersion = 17.2.32526.322
MinimumVisualStudioVersion = 10.0.40219.1
Project("{FAE04EC0-301F-11D3-BF4B-00C04F79EFBC}") = "Timetable_App", "Timetable_App\Timetable_App.csproj", "{24FC49DD-6CE8-4AEE-96A0-06534E2D1D80}"
EndProject
Project("{FAE04EC0-301F-11D3-BF4B-00C04F79EFBC}") = "TimetableDatabaseImplement", "TimetableDatabaseImplement\TimetableDatabaseImplement.csproj", "{71A07971-E287-450F-AC69-D36BFDE88693}"
EndProject
Global
	GlobalSection(SolutionConfigurationPlatforms) = preSolution
		Debug|Any CPU = Debug|Any CPU
		Release|Any CPU = Release|Any CPU
	EndGlobalSection
	GlobalSection(ProjectConfigurationPlatforms) = postSolution
		{24FC49DD-6CE8-4AEE-96A0-06534E2D1D80}.Debug|Any CPU.ActiveCfg = Debug|Any CPU
		{24FC49DD-6CE8-4AEE-96A0-06534E2D1D80}.Debug|Any CPU.Build.0 = Debug|Any CPU
		{24FC49DD-6CE8-4AEE-96A0-06534E2D1D80}.Release|Any CPU.ActiveCfg = Release|Any CPU
		{24FC49DD-6CE8-4AEE-96A0-06534E2D1D80}.Release|Any CPU.Build.0 = Release|Any CPU
		{71A07971-E287-450F-AC69-D36BFDE88693}.Debug|Any CPU.ActiveCfg = Debug|Any CPU
		{71A07971-E287-450F-AC69-D36BFDE88693}.Debug|Any CPU.Build.0 = Debug|Any CPU
		{71A07971-E287-450F-AC69-D36BFDE88693}.Release|Any CPU.ActiveCfg = Release|Any CPU
		{71A07971-E287-450F-AC69-D36BFDE88693}.Release|Any CPU.Build.0 = Release|Any CPU
	EndGlobalSection
	GlobalSection(SolutionProperties) = preSolution
		HideSolutionNode = FALSE
	EndGlobalSection
	GlobalSection(ExtensibilityGlobals) = postSolution
		SolutionGuid = {A2F0A6F0-6B4C-4003-9A0D-881F9E2D62F5}
	EndGlobalSection
EndGlobal
